
Microsoft Visual Studio Solution File, Format Version 12.00
# Visual Studio Version 17
VisualStudioVersion = 17.9.34728.123
MinimumVisualStudioVersion = 10.0.40219.1
Project("{FAE04EC0-301F-11D3-BF4B-00C04F79EFBC}") = "加密软件", "加密软件.csproj", "{10A1BC74-49CF-4B24-830B-45EA3C6302CA}"
EndProject
Global
	GlobalSection(SolutionConfigurationPlatforms) = preSolution
		Debug|Any CPU = Debug|Any CPU
		Release|Any CPU = Release|Any CPU
	EndGlobalSection
	GlobalSection(ProjectConfigurationPlatforms) = postSolution
		{10A1BC74-49CF-4B24-830B-45EA3C6302CA}.Debug|Any CPU.ActiveCfg = Debug|Any CPU
		{10A1BC74-49CF-4B24-830B-45EA3C6302CA}.Debug|Any CPU.Build.0 = Debug|Any CPU
		{10A1BC74-49CF-4B24-830B-45EA3C6302CA}.Release|Any CPU.ActiveCfg = Release|Any CPU
		{10A1BC74-49CF-4B24-830B-45EA3C6302CA}.Release|Any CPU.Build.0 = Release|Any CPU
	EndGlobalSection
	GlobalSection(SolutionProperties) = preSolution
		HideSolutionNode = FALSE
	EndGlobalSection
	GlobalSection(ExtensibilityGlobals) = postSolution
		SolutionGuid = {2FF7F5D5-191C-4D86-8AC8-684B49412A38}
	EndGlobalSection
EndGlobal
